// !$*UTF8*$!
{
	archiveVersion = 1;
	classes = {
	};
	objectVersion = 56;
	objects = {

/* Begin PBXBuildFile section */
		720B09F12BE042CA00790372 /* BaseViewController.swift in Sources */ = {isa = PBXBuildFile; fileRef = 720B09F02BE042CA00790372 /* BaseViewController.swift */; };
		7256608E2BDBA1B10026CE95 /* AppDelegate.swift in Sources */ = {isa = PBXBuildFile; fileRef = 7256608D2BDBA1B10026CE95 /* AppDelegate.swift */; };
		725660902BDBA1B10026CE95 /* SceneDelegate.swift in Sources */ = {isa = PBXBuildFile; fileRef = 7256608F2BDBA1B10026CE95 /* SceneDelegate.swift */; };
		725660922BDBA1B10026CE95 /* SignInViewController.swift in Sources */ = {isa = PBXBuildFile; fileRef = 725660912BDBA1B10026CE95 /* SignInViewController.swift */; };
		725660972BDBA1B30026CE95 /* Assets.xcassets in Resources */ = {isa = PBXBuildFile; fileRef = 725660962BDBA1B30026CE95 /* Assets.xcassets */; };
		7256609A2BDBA1B30026CE95 /* LaunchScreen.storyboard in Resources */ = {isa = PBXBuildFile; fileRef = 725660982BDBA1B30026CE95 /* LaunchScreen.storyboard */; };
		725660A52BDBA5690026CE95 /* UIColor+ex.swift in Sources */ = {isa = PBXBuildFile; fileRef = 725660A42BDBA5690026CE95 /* UIColor+ex.swift */; };
		725660AA2BDBA5C20026CE95 /* BaseView.swift in Sources */ = {isa = PBXBuildFile; fileRef = 725660A92BDBA5C10026CE95 /* BaseView.swift */; };
		725660AF2BDBA5F60026CE95 /* SignInView.swift in Sources */ = {isa = PBXBuildFile; fileRef = 725660AE2BDBA5F60026CE95 /* SignInView.swift */; };
		725660B22BDBA9840026CE95 /* AuthorizationViewController.swift in Sources */ = {isa = PBXBuildFile; fileRef = 725660B12BDBA9840026CE95 /* AuthorizationViewController.swift */; };
		725660B52BDBA9B10026CE95 /* AuthorizationView.swift in Sources */ = {isa = PBXBuildFile; fileRef = 725660B42BDBA9B10026CE95 /* AuthorizationView.swift */; };
		725660B92BDBB4CE0026CE95 /* MenuView.swift in Sources */ = {isa = PBXBuildFile; fileRef = 725660B82BDBB4CE0026CE95 /* MenuView.swift */; };
		725660BB2BDBB4DB0026CE95 /* MenuViewController.swift in Sources */ = {isa = PBXBuildFile; fileRef = 725660BA2BDBB4DB0026CE95 /* MenuViewController.swift */; };
		725660C12BDED1C70026CE95 /* CategoriesCollectionViewCell.swift in Sources */ = {isa = PBXBuildFile; fileRef = 725660C02BDED1C70026CE95 /* CategoriesCollectionViewCell.swift */; };
		725660C32BDED4290026CE95 /* MenuCategoryModel.swift in Sources */ = {isa = PBXBuildFile; fileRef = 725660C22BDED4290026CE95 /* MenuCategoryModel.swift */; };
		725660C52BDEDDAA0026CE95 /* MenuItemsCollectionViewCell.swift in Sources */ = {isa = PBXBuildFile; fileRef = 725660C42BDEDDAA0026CE95 /* MenuItemsCollectionViewCell.swift */; };
		725660C82BDEE48B0026CE95 /* MenuProductModel.swift in Sources */ = {isa = PBXBuildFile; fileRef = 725660C72BDEE48B0026CE95 /* MenuProductModel.swift */; };
		725660CA2BDEEC550026CE95 /* CounterModel.swift in Sources */ = {isa = PBXBuildFile; fileRef = 725660C92BDEEC550026CE95 /* CounterModel.swift */; };
		725660CD2BDEFDED0026CE95 /* ItemDetailsViewController.swift in Sources */ = {isa = PBXBuildFile; fileRef = 725660CC2BDEFDED0026CE95 /* ItemDetailsViewController.swift */; };
		725660D02BDEFF290026CE95 /* ItemDetailsView.swift in Sources */ = {isa = PBXBuildFile; fileRef = 725660CF2BDEFF290026CE95 /* ItemDetailsView.swift */; };
		725660D72BDF05C20026CE95 /* AdditionalMenuCollectionViewCell.swift in Sources */ = {isa = PBXBuildFile; fileRef = 725660D62BDF05C20026CE95 /* AdditionalMenuCollectionViewCell.swift */; };
		725660DA2BDFAB760026CE95 /* ProductsJson.swift in Sources */ = {isa = PBXBuildFile; fileRef = 725660D92BDFAB760026CE95 /* ProductsJson.swift */; };
		725660DD2BDFADF70026CE95 /* JSONParser.swift in Sources */ = {isa = PBXBuildFile; fileRef = 725660DC2BDFADF70026CE95 /* JSONParser.swift */; };
		725660ED2BDFDC9B0026CE95 /* Products.json in Resources */ = {isa = PBXBuildFile; fileRef = 725660EC2BDFDC9B0026CE95 /* Products.json */; };
/* End PBXBuildFile section */

/* Begin PBXFileReference section */
		720B09F02BE042CA00790372 /* BaseViewController.swift */ = {isa = PBXFileReference; lastKnownFileType = sourcecode.swift; path = BaseViewController.swift; sourceTree = "<group>"; };
		7256608A2BDBA1B10026CE95 /* GeeksCoffeeShop.app */ = {isa = PBXFileReference; explicitFileType = wrapper.application; includeInIndex = 0; path = GeeksCoffeeShop.app; sourceTree = BUILT_PRODUCTS_DIR; };
		7256608D2BDBA1B10026CE95 /* AppDelegate.swift */ = {isa = PBXFileReference; lastKnownFileType = sourcecode.swift; path = AppDelegate.swift; sourceTree = "<group>"; };
		7256608F2BDBA1B10026CE95 /* SceneDelegate.swift */ = {isa = PBXFileReference; lastKnownFileType = sourcecode.swift; path = SceneDelegate.swift; sourceTree = "<group>"; };
		725660912BDBA1B10026CE95 /* SignInViewController.swift */ = {isa = PBXFileReference; lastKnownFileType = sourcecode.swift; path = SignInViewController.swift; sourceTree = "<group>"; };
		725660962BDBA1B30026CE95 /* Assets.xcassets */ = {isa = PBXFileReference; lastKnownFileType = folder.assetcatalog; path = Assets.xcassets; sourceTree = "<group>"; };
		725660992BDBA1B30026CE95 /* Base */ = {isa = PBXFileReference; lastKnownFileType = file.storyboard; name = Base; path = Base.lproj/LaunchScreen.storyboard; sourceTree = "<group>"; };
		7256609B2BDBA1B30026CE95 /* Info.plist */ = {isa = PBXFileReference; lastKnownFileType = text.plist.xml; path = Info.plist; sourceTree = "<group>"; };
		725660A42BDBA5690026CE95 /* UIColor+ex.swift */ = {isa = PBXFileReference; lastKnownFileType = sourcecode.swift; path = "UIColor+ex.swift"; sourceTree = "<group>"; };
		725660A92BDBA5C10026CE95 /* BaseView.swift */ = {isa = PBXFileReference; lastKnownFileType = sourcecode.swift; path = BaseView.swift; sourceTree = "<group>"; };
		725660AE2BDBA5F60026CE95 /* SignInView.swift */ = {isa = PBXFileReference; lastKnownFileType = sourcecode.swift; path = SignInView.swift; sourceTree = "<group>"; };
		725660B12BDBA9840026CE95 /* AuthorizationViewController.swift */ = {isa = PBXFileReference; lastKnownFileType = sourcecode.swift; path = AuthorizationViewController.swift; sourceTree = "<group>"; };
		725660B42BDBA9B10026CE95 /* AuthorizationView.swift */ = {isa = PBXFileReference; lastKnownFileType = sourcecode.swift; path = AuthorizationView.swift; sourceTree = "<group>"; };
		725660B82BDBB4CE0026CE95 /* MenuView.swift */ = {isa = PBXFileReference; lastKnownFileType = sourcecode.swift; path = MenuView.swift; sourceTree = "<group>"; };
		725660BA2BDBB4DB0026CE95 /* MenuViewController.swift */ = {isa = PBXFileReference; lastKnownFileType = sourcecode.swift; path = MenuViewController.swift; sourceTree = "<group>"; };
		725660C02BDED1C70026CE95 /* CategoriesCollectionViewCell.swift */ = {isa = PBXFileReference; lastKnownFileType = sourcecode.swift; path = CategoriesCollectionViewCell.swift; sourceTree = "<group>"; };
		725660C22BDED4290026CE95 /* MenuCategoryModel.swift */ = {isa = PBXFileReference; lastKnownFileType = sourcecode.swift; path = MenuCategoryModel.swift; sourceTree = "<group>"; };
		725660C42BDEDDAA0026CE95 /* MenuItemsCollectionViewCell.swift */ = {isa = PBXFileReference; lastKnownFileType = sourcecode.swift; path = MenuItemsCollectionViewCell.swift; sourceTree = "<group>"; };
		725660C72BDEE48B0026CE95 /* MenuProductModel.swift */ = {isa = PBXFileReference; lastKnownFileType = sourcecode.swift; path = MenuProductModel.swift; sourceTree = "<group>"; };
		725660C92BDEEC550026CE95 /* CounterModel.swift */ = {isa = PBXFileReference; lastKnownFileType = sourcecode.swift; path = CounterModel.swift; sourceTree = "<group>"; };
		725660CC2BDEFDED0026CE95 /* ItemDetailsViewController.swift */ = {isa = PBXFileReference; lastKnownFileType = sourcecode.swift; path = ItemDetailsViewController.swift; sourceTree = "<group>"; };
		725660CF2BDEFF290026CE95 /* ItemDetailsView.swift */ = {isa = PBXFileReference; lastKnownFileType = sourcecode.swift; path = ItemDetailsView.swift; sourceTree = "<group>"; };
		725660D62BDF05C20026CE95 /* AdditionalMenuCollectionViewCell.swift */ = {isa = PBXFileReference; lastKnownFileType = sourcecode.swift; path = AdditionalMenuCollectionViewCell.swift; sourceTree = "<group>"; };
		725660D92BDFAB760026CE95 /* ProductsJson.swift */ = {isa = PBXFileReference; lastKnownFileType = sourcecode.swift; path = ProductsJson.swift; sourceTree = "<group>"; };
		725660DC2BDFADF70026CE95 /* JSONParser.swift */ = {isa = PBXFileReference; lastKnownFileType = sourcecode.swift; path = JSONParser.swift; sourceTree = "<group>"; };
		725660EC2BDFDC9B0026CE95 /* Products.json */ = {isa = PBXFileReference; lastKnownFileType = text.json; path = Products.json; sourceTree = "<group>"; };
/* End PBXFileReference section */

/* Begin PBXFrameworksBuildPhase section */
		725660872BDBA1B10026CE95 /* Frameworks */ = {
			isa = PBXFrameworksBuildPhase;
			buildActionMask = 2147483647;
			files = (
			);
			runOnlyForDeploymentPostprocessing = 0;
		};
/* End PBXFrameworksBuildPhase section */

/* Begin PBXGroup section */
		725660812BDBA1B10026CE95 = {
			isa = PBXGroup;
			children = (
				7256608C2BDBA1B10026CE95 /* GeeksCoffeeShop */,
				7256608B2BDBA1B10026CE95 /* Products */,
			);
			sourceTree = "<group>";
		};
		7256608B2BDBA1B10026CE95 /* Products */ = {
			isa = PBXGroup;
			children = (
				7256608A2BDBA1B10026CE95 /* GeeksCoffeeShop.app */,
			);
			name = Products;
			sourceTree = "<group>";
		};
		7256608C2BDBA1B10026CE95 /* GeeksCoffeeShop */ = {
			isa = PBXGroup;
			children = (
				725660A12BDBA1BF0026CE95 /* App */,
				725660A22BDBA54C0026CE95 /* Model */,
				725660A72BDBA59C0026CE95 /* Modules */,
				725660A62BDBA57E0026CE95 /* Resources */,
				7256609B2BDBA1B30026CE95 /* Info.plist */,
			);
			path = GeeksCoffeeShop;
			sourceTree = "<group>";
		};
		725660A12BDBA1BF0026CE95 /* App */ = {
			isa = PBXGroup;
			children = (
				7256608D2BDBA1B10026CE95 /* AppDelegate.swift */,
				7256608F2BDBA1B10026CE95 /* SceneDelegate.swift */,
			);
			path = App;
			sourceTree = "<group>";
		};
		725660A22BDBA54C0026CE95 /* Model */ = {
			isa = PBXGroup;
			children = (
				725660D82BDFAB5F0026CE95 /* JSON */,
				725660BF2BDECEF70026CE95 /* DTOs */,
				725660DB2BDFADDC0026CE95 /* Services */,
				725660A32BDBA5580026CE95 /* Extensions */,
			);
			path = Model;
			sourceTree = "<group>";
		};
		725660A32BDBA5580026CE95 /* Extensions */ = {
			isa = PBXGroup;
			children = (
				725660A42BDBA5690026CE95 /* UIColor+ex.swift */,
			);
			path = Extensions;
			sourceTree = "<group>";
		};
		725660A62BDBA57E0026CE95 /* Resources */ = {
			isa = PBXGroup;
			children = (
				725660962BDBA1B30026CE95 /* Assets.xcassets */,
				725660982BDBA1B30026CE95 /* LaunchScreen.storyboard */,
			);
			path = Resources;
			sourceTree = "<group>";
		};
		725660A72BDBA59C0026CE95 /* Modules */ = {
			isa = PBXGroup;
			children = (
				725660A82BDBA5AC0026CE95 /* Base */,
				725660AB2BDBA5D00026CE95 /* SignIn */,
				725660B02BDBA9570026CE95 /* Authorization */,
				725660B62BDBB49B0026CE95 /* Menu */,
				725660CB2BDEFDA50026CE95 /* ItemDetails */,
			);
			path = Modules;
			sourceTree = "<group>";
		};
		725660A82BDBA5AC0026CE95 /* Base */ = {
			isa = PBXGroup;
			children = (
				725660A92BDBA5C10026CE95 /* BaseView.swift */,
				720B09F02BE042CA00790372 /* BaseViewController.swift */,
			);
			path = Base;
			sourceTree = "<group>";
		};
		725660AB2BDBA5D00026CE95 /* SignIn */ = {
			isa = PBXGroup;
			children = (
				725660912BDBA1B10026CE95 /* SignInViewController.swift */,
				725660AC2BDBA5DB0026CE95 /* Components */,
			);
			path = SignIn;
			sourceTree = "<group>";
		};
		725660AC2BDBA5DB0026CE95 /* Components */ = {
			isa = PBXGroup;
			children = (
				725660AE2BDBA5F60026CE95 /* SignInView.swift */,
			);
			path = Components;
			sourceTree = "<group>";
		};
		725660B02BDBA9570026CE95 /* Authorization */ = {
			isa = PBXGroup;
			children = (
				725660B12BDBA9840026CE95 /* AuthorizationViewController.swift */,
				725660B32BDBA9940026CE95 /* Components */,
			);
			path = Authorization;
			sourceTree = "<group>";
		};
		725660B32BDBA9940026CE95 /* Components */ = {
			isa = PBXGroup;
			children = (
				725660B42BDBA9B10026CE95 /* AuthorizationView.swift */,
			);
			path = Components;
			sourceTree = "<group>";
		};
		725660B62BDBB49B0026CE95 /* Menu */ = {
			isa = PBXGroup;
			children = (
				725660BA2BDBB4DB0026CE95 /* MenuViewController.swift */,
				725660B72BDBB4C00026CE95 /* Components */,
			);
			path = Menu;
			sourceTree = "<group>";
		};
		725660B72BDBB4C00026CE95 /* Components */ = {
			isa = PBXGroup;
			children = (
				725660B82BDBB4CE0026CE95 /* MenuView.swift */,
				725660C62BDEDDF30026CE95 /* CustomCells */,
			);
			path = Components;
			sourceTree = "<group>";
		};
		725660BF2BDECEF70026CE95 /* DTOs */ = {
			isa = PBXGroup;
			children = (
				725660C22BDED4290026CE95 /* MenuCategoryModel.swift */,
				725660C72BDEE48B0026CE95 /* MenuProductModel.swift */,
				725660C92BDEEC550026CE95 /* CounterModel.swift */,
			);
			path = DTOs;
			sourceTree = "<group>";
		};
		725660C62BDEDDF30026CE95 /* CustomCells */ = {
			isa = PBXGroup;
			children = (
				725660C02BDED1C70026CE95 /* CategoriesCollectionViewCell.swift */,
				725660C42BDEDDAA0026CE95 /* MenuItemsCollectionViewCell.swift */,
			);
			path = CustomCells;
			sourceTree = "<group>";
		};
		725660CB2BDEFDA50026CE95 /* ItemDetails */ = {
			isa = PBXGroup;
			children = (
				725660CC2BDEFDED0026CE95 /* ItemDetailsViewController.swift */,
				725660CE2BDEFF130026CE95 /* Components */,
			);
			path = ItemDetails;
			sourceTree = "<group>";
		};
		725660CE2BDEFF130026CE95 /* Components */ = {
			isa = PBXGroup;
			children = (
				725660CF2BDEFF290026CE95 /* ItemDetailsView.swift */,
				725660D62BDF05C20026CE95 /* AdditionalMenuCollectionViewCell.swift */,
			);
			path = Components;
			sourceTree = "<group>";
		};
		725660D82BDFAB5F0026CE95 /* JSON */ = {
			isa = PBXGroup;
			children = (
				725660D92BDFAB760026CE95 /* ProductsJson.swift */,
				725660EC2BDFDC9B0026CE95 /* Products.json */,
			);
			path = JSON;
			sourceTree = "<group>";
		};
		725660DB2BDFADDC0026CE95 /* Services */ = {
			isa = PBXGroup;
			children = (
				725660DC2BDFADF70026CE95 /* JSONParser.swift */,
			);
			path = Services;
			sourceTree = "<group>";
		};
/* End PBXGroup section */

/* Begin PBXNativeTarget section */
		725660892BDBA1B10026CE95 /* GeeksCoffeeShop */ = {
			isa = PBXNativeTarget;
			buildConfigurationList = 7256609E2BDBA1B30026CE95 /* Build configuration list for PBXNativeTarget "GeeksCoffeeShop" */;
			buildPhases = (
				725660862BDBA1B10026CE95 /* Sources */,
				725660872BDBA1B10026CE95 /* Frameworks */,
				725660882BDBA1B10026CE95 /* Resources */,
			);
			buildRules = (
			);
			dependencies = (
			);
			name = GeeksCoffeeShop;
			productName = GeeksCoffeeShop;
			productReference = 7256608A2BDBA1B10026CE95 /* GeeksCoffeeShop.app */;
			productType = "com.apple.product-type.application";
		};
/* End PBXNativeTarget section */

/* Begin PBXProject section */
		725660822BDBA1B10026CE95 /* Project object */ = {
			isa = PBXProject;
			attributes = {
				BuildIndependentTargetsInParallel = 1;
				LastSwiftUpdateCheck = 1520;
				LastUpgradeCheck = 1520;
				TargetAttributes = {
					725660892BDBA1B10026CE95 = {
						CreatedOnToolsVersion = 15.2;
					};
				};
			};
			buildConfigurationList = 725660852BDBA1B10026CE95 /* Build configuration list for PBXProject "GeeksCoffeeShop" */;
			compatibilityVersion = "Xcode 14.0";
			developmentRegion = en;
			hasScannedForEncodings = 0;
			knownRegions = (
				en,
				Base,
			);
			mainGroup = 725660812BDBA1B10026CE95;
			productRefGroup = 7256608B2BDBA1B10026CE95 /* Products */;
			projectDirPath = "";
			projectRoot = "";
			targets = (
				725660892BDBA1B10026CE95 /* GeeksCoffeeShop */,
			);
		};
/* End PBXProject section */

/* Begin PBXResourcesBuildPhase section */
		725660882BDBA1B10026CE95 /* Resources */ = {
			isa = PBXResourcesBuildPhase;
			buildActionMask = 2147483647;
			files = (
				7256609A2BDBA1B30026CE95 /* LaunchScreen.storyboard in Resources */,
				725660ED2BDFDC9B0026CE95 /* Products.json in Resources */,
				725660972BDBA1B30026CE95 /* Assets.xcassets in Resources */,
			);
			runOnlyForDeploymentPostprocessing = 0;
		};
/* End PBXResourcesBuildPhase section */

/* Begin PBXSourcesBuildPhase section */
		725660862BDBA1B10026CE95 /* Sources */ = {
			isa = PBXSourcesBuildPhase;
			buildActionMask = 2147483647;
			files = (
				725660B22BDBA9840026CE95 /* AuthorizationViewController.swift in Sources */,
				725660BB2BDBB4DB0026CE95 /* MenuViewController.swift in Sources */,
				725660AF2BDBA5F60026CE95 /* SignInView.swift in Sources */,
				725660C82BDEE48B0026CE95 /* MenuProductModel.swift in Sources */,
				725660A52BDBA5690026CE95 /* UIColor+ex.swift in Sources */,
				720B09F12BE042CA00790372 /* BaseViewController.swift in Sources */,
				725660922BDBA1B10026CE95 /* SignInViewController.swift in Sources */,
				725660DD2BDFADF70026CE95 /* JSONParser.swift in Sources */,
				725660DA2BDFAB760026CE95 /* ProductsJson.swift in Sources */,
				725660B92BDBB4CE0026CE95 /* MenuView.swift in Sources */,
				725660D02BDEFF290026CE95 /* ItemDetailsView.swift in Sources */,
				725660AA2BDBA5C20026CE95 /* BaseView.swift in Sources */,
				7256608E2BDBA1B10026CE95 /* AppDelegate.swift in Sources */,
				725660C52BDEDDAA0026CE95 /* MenuItemsCollectionViewCell.swift in Sources */,
				725660C12BDED1C70026CE95 /* CategoriesCollectionViewCell.swift in Sources */,
				725660D72BDF05C20026CE95 /* AdditionalMenuCollectionViewCell.swift in Sources */,
				725660B52BDBA9B10026CE95 /* AuthorizationView.swift in Sources */,
				725660C32BDED4290026CE95 /* MenuCategoryModel.swift in Sources */,
				725660902BDBA1B10026CE95 /* SceneDelegate.swift in Sources */,
				725660CD2BDEFDED0026CE95 /* ItemDetailsViewController.swift in Sources */,
				725660CA2BDEEC550026CE95 /* CounterModel.swift in Sources */,
			);
			runOnlyForDeploymentPostprocessing = 0;
		};
/* End PBXSourcesBuildPhase section */

/* Begin PBXVariantGroup section */
		725660982BDBA1B30026CE95 /* LaunchScreen.storyboard */ = {
			isa = PBXVariantGroup;
			children = (
				725660992BDBA1B30026CE95 /* Base */,
			);
			name = LaunchScreen.storyboard;
			sourceTree = "<group>";
		};
/* End PBXVariantGroup section */

/* Begin XCBuildConfiguration section */
		7256609C2BDBA1B30026CE95 /* Debug */ = {
			isa = XCBuildConfiguration;
			buildSettings = {
				ALWAYS_SEARCH_USER_PATHS = NO;
				ASSETCATALOG_COMPILER_GENERATE_SWIFT_ASSET_SYMBOL_EXTENSIONS = YES;
				CLANG_ANALYZER_NONNULL = YES;
				CLANG_ANALYZER_NUMBER_OBJECT_CONVERSION = YES_AGGRESSIVE;
				CLANG_CXX_LANGUAGE_STANDARD = "gnu++20";
				CLANG_ENABLE_MODULES = YES;
				CLANG_ENABLE_OBJC_ARC = YES;
				CLANG_ENABLE_OBJC_WEAK = YES;
				CLANG_WARN_BLOCK_CAPTURE_AUTORELEASING = YES;
				CLANG_WARN_BOOL_CONVERSION = YES;
				CLANG_WARN_COMMA = YES;
				CLANG_WARN_CONSTANT_CONVERSION = YES;
				CLANG_WARN_DEPRECATED_OBJC_IMPLEMENTATIONS = YES;
				CLANG_WARN_DIRECT_OBJC_ISA_USAGE = YES_ERROR;
				CLANG_WARN_DOCUMENTATION_COMMENTS = YES;
				CLANG_WARN_EMPTY_BODY = YES;
				CLANG_WARN_ENUM_CONVERSION = YES;
				CLANG_WARN_INFINITE_RECURSION = YES;
				CLANG_WARN_INT_CONVERSION = YES;
				CLANG_WARN_NON_LITERAL_NULL_CONVERSION = YES;
				CLANG_WARN_OBJC_IMPLICIT_RETAIN_SELF = YES;
				CLANG_WARN_OBJC_LITERAL_CONVERSION = YES;
				CLANG_WARN_OBJC_ROOT_CLASS = YES_ERROR;
				CLANG_WARN_QUOTED_INCLUDE_IN_FRAMEWORK_HEADER = YES;
				CLANG_WARN_RANGE_LOOP_ANALYSIS = YES;
				CLANG_WARN_STRICT_PROTOTYPES = YES;
				CLANG_WARN_SUSPICIOUS_MOVE = YES;
				CLANG_WARN_UNGUARDED_AVAILABILITY = YES_AGGRESSIVE;
				CLANG_WARN_UNREACHABLE_CODE = YES;
				CLANG_WARN__DUPLICATE_METHOD_MATCH = YES;
				COPY_PHASE_STRIP = NO;
				DEBUG_INFORMATION_FORMAT = dwarf;
				ENABLE_STRICT_OBJC_MSGSEND = YES;
				ENABLE_TESTABILITY = YES;
				ENABLE_USER_SCRIPT_SANDBOXING = YES;
				GCC_C_LANGUAGE_STANDARD = gnu17;
				GCC_DYNAMIC_NO_PIC = NO;
				GCC_NO_COMMON_BLOCKS = YES;
				GCC_OPTIMIZATION_LEVEL = 0;
				GCC_PREPROCESSOR_DEFINITIONS = (
					"DEBUG=1",
					"$(inherited)",
				);
				GCC_WARN_64_TO_32_BIT_CONVERSION = YES;
				GCC_WARN_ABOUT_RETURN_TYPE = YES_ERROR;
				GCC_WARN_UNDECLARED_SELECTOR = YES;
				GCC_WARN_UNINITIALIZED_AUTOS = YES_AGGRESSIVE;
				GCC_WARN_UNUSED_FUNCTION = YES;
				GCC_WARN_UNUSED_VARIABLE = YES;
				IPHONEOS_DEPLOYMENT_TARGET = 17.2;
				LOCALIZATION_PREFERS_STRING_CATALOGS = YES;
				MTL_ENABLE_DEBUG_INFO = INCLUDE_SOURCE;
				MTL_FAST_MATH = YES;
				ONLY_ACTIVE_ARCH = YES;
				SDKROOT = iphoneos;
				SWIFT_ACTIVE_COMPILATION_CONDITIONS = "DEBUG $(inherited)";
				SWIFT_OPTIMIZATION_LEVEL = "-Onone";
			};
			name = Debug;
		};
		7256609D2BDBA1B30026CE95 /* Release */ = {
			isa = XCBuildConfiguration;
			buildSettings = {
				ALWAYS_SEARCH_USER_PATHS = NO;
				ASSETCATALOG_COMPILER_GENERATE_SWIFT_ASSET_SYMBOL_EXTENSIONS = YES;
				CLANG_ANALYZER_NONNULL = YES;
				CLANG_ANALYZER_NUMBER_OBJECT_CONVERSION = YES_AGGRESSIVE;
				CLANG_CXX_LANGUAGE_STANDARD = "gnu++20";
				CLANG_ENABLE_MODULES = YES;
				CLANG_ENABLE_OBJC_ARC = YES;
				CLANG_ENABLE_OBJC_WEAK = YES;
				CLANG_WARN_BLOCK_CAPTURE_AUTORELEASING = YES;
				CLANG_WARN_BOOL_CONVERSION = YES;
				CLANG_WARN_COMMA = YES;
				CLANG_WARN_CONSTANT_CONVERSION = YES;
				CLANG_WARN_DEPRECATED_OBJC_IMPLEMENTATIONS = YES;
				CLANG_WARN_DIRECT_OBJC_ISA_USAGE = YES_ERROR;
				CLANG_WARN_DOCUMENTATION_COMMENTS = YES;
				CLANG_WARN_EMPTY_BODY = YES;
				CLANG_WARN_ENUM_CONVERSION = YES;
				CLANG_WARN_INFINITE_RECURSION = YES;
				CLANG_WARN_INT_CONVERSION = YES;
				CLANG_WARN_NON_LITERAL_NULL_CONVERSION = YES;
				CLANG_WARN_OBJC_IMPLICIT_RETAIN_SELF = YES;
				CLANG_WARN_OBJC_LITERAL_CONVERSION = YES;
				CLANG_WARN_OBJC_ROOT_CLASS = YES_ERROR;
				CLANG_WARN_QUOTED_INCLUDE_IN_FRAMEWORK_HEADER = YES;
				CLANG_WARN_RANGE_LOOP_ANALYSIS = YES;
				CLANG_WARN_STRICT_PROTOTYPES = YES;
				CLANG_WARN_SUSPICIOUS_MOVE = YES;
				CLANG_WARN_UNGUARDED_AVAILABILITY = YES_AGGRESSIVE;
				CLANG_WARN_UNREACHABLE_CODE = YES;
				CLANG_WARN__DUPLICATE_METHOD_MATCH = YES;
				COPY_PHASE_STRIP = NO;
				DEBUG_INFORMATION_FORMAT = "dwarf-with-dsym";
				ENABLE_NS_ASSERTIONS = NO;
				ENABLE_STRICT_OBJC_MSGSEND = YES;
				ENABLE_USER_SCRIPT_SANDBOXING = YES;
				GCC_C_LANGUAGE_STANDARD = gnu17;
				GCC_NO_COMMON_BLOCKS = YES;
				GCC_WARN_64_TO_32_BIT_CONVERSION = YES;
				GCC_WARN_ABOUT_RETURN_TYPE = YES_ERROR;
				GCC_WARN_UNDECLARED_SELECTOR = YES;
				GCC_WARN_UNINITIALIZED_AUTOS = YES_AGGRESSIVE;
				GCC_WARN_UNUSED_FUNCTION = YES;
				GCC_WARN_UNUSED_VARIABLE = YES;
				IPHONEOS_DEPLOYMENT_TARGET = 17.2;
				LOCALIZATION_PREFERS_STRING_CATALOGS = YES;
				MTL_ENABLE_DEBUG_INFO = NO;
				MTL_FAST_MATH = YES;
				SDKROOT = iphoneos;
				SWIFT_COMPILATION_MODE = wholemodule;
				VALIDATE_PRODUCT = YES;
			};
			name = Release;
		};
		7256609F2BDBA1B30026CE95 /* Debug */ = {
			isa = XCBuildConfiguration;
			buildSettings = {
				ASSETCATALOG_COMPILER_APPICON_NAME = AppIcon;
				ASSETCATALOG_COMPILER_GLOBAL_ACCENT_COLOR_NAME = AccentColor;
				CODE_SIGN_STYLE = Automatic;
				CURRENT_PROJECT_VERSION = 1;
				DEVELOPMENT_TEAM = 2VCHNMLR8N;
				GENERATE_INFOPLIST_FILE = YES;
				INFOPLIST_FILE = GeeksCoffeeShop/Info.plist;
				INFOPLIST_KEY_UIApplicationSupportsIndirectInputEvents = YES;
				INFOPLIST_KEY_UILaunchStoryboardName = LaunchScreen;
				INFOPLIST_KEY_UISupportedInterfaceOrientations_iPad = "UIInterfaceOrientationPortrait UIInterfaceOrientationPortraitUpsideDown UIInterfaceOrientationLandscapeLeft UIInterfaceOrientationLandscapeRight";
				INFOPLIST_KEY_UISupportedInterfaceOrientations_iPhone = "UIInterfaceOrientationPortrait UIInterfaceOrientationLandscapeLeft UIInterfaceOrientationLandscapeRight";
				LD_RUNPATH_SEARCH_PATHS = (
					"$(inherited)",
					"@executable_path/Frameworks",
				);
				MARKETING_VERSION = 1.0;
				PRODUCT_BUNDLE_IDENTIFIER = com.telegey.GeeksCoffeeShop;
				PRODUCT_NAME = "$(TARGET_NAME)";
				SWIFT_EMIT_LOC_STRINGS = YES;
				SWIFT_VERSION = 5.0;
				TARGETED_DEVICE_FAMILY = "1,2";
			};
			name = Debug;
		};
		725660A02BDBA1B30026CE95 /* Release */ = {
			isa = XCBuildConfiguration;
			buildSettings = {
				ASSETCATALOG_COMPILER_APPICON_NAME = AppIcon;
				ASSETCATALOG_COMPILER_GLOBAL_ACCENT_COLOR_NAME = AccentColor;
				CODE_SIGN_STYLE = Automatic;
				CURRENT_PROJECT_VERSION = 1;
				DEVELOPMENT_TEAM = 2VCHNMLR8N;
				GENERATE_INFOPLIST_FILE = YES;
				INFOPLIST_FILE = GeeksCoffeeShop/Info.plist;
				INFOPLIST_KEY_UIApplicationSupportsIndirectInputEvents = YES;
				INFOPLIST_KEY_UILaunchStoryboardName = LaunchScreen;
				INFOPLIST_KEY_UISupportedInterfaceOrientations_iPad = "UIInterfaceOrientationPortrait UIInterfaceOrientationPortraitUpsideDown UIInterfaceOrientationLandscapeLeft UIInterfaceOrientationLandscapeRight";
				INFOPLIST_KEY_UISupportedInterfaceOrientations_iPhone = "UIInterfaceOrientationPortrait UIInterfaceOrientationLandscapeLeft UIInterfaceOrientationLandscapeRight";
				LD_RUNPATH_SEARCH_PATHS = (
					"$(inherited)",
					"@executable_path/Frameworks",
				);
				MARKETING_VERSION = 1.0;
				PRODUCT_BUNDLE_IDENTIFIER = com.telegey.GeeksCoffeeShop;
				PRODUCT_NAME = "$(TARGET_NAME)";
				SWIFT_EMIT_LOC_STRINGS = YES;
				SWIFT_VERSION = 5.0;
				TARGETED_DEVICE_FAMILY = "1,2";
			};
			name = Release;
		};
/* End XCBuildConfiguration section */

/* Begin XCConfigurationList section */
		725660852BDBA1B10026CE95 /* Build configuration list for PBXProject "GeeksCoffeeShop" */ = {
			isa = XCConfigurationList;
			buildConfigurations = (
				7256609C2BDBA1B30026CE95 /* Debug */,
				7256609D2BDBA1B30026CE95 /* Release */,
			);
			defaultConfigurationIsVisible = 0;
			defaultConfigurationName = Release;
		};
		7256609E2BDBA1B30026CE95 /* Build configuration list for PBXNativeTarget "GeeksCoffeeShop" */ = {
			isa = XCConfigurationList;
			buildConfigurations = (
				7256609F2BDBA1B30026CE95 /* Debug */,
				725660A02BDBA1B30026CE95 /* Release */,
			);
			defaultConfigurationIsVisible = 0;
			defaultConfigurationName = Release;
		};
/* End XCConfigurationList section */
	};
	rootObject = 725660822BDBA1B10026CE95 /* Project object */;
}
